{
  "name": "github-report",
  "version": "1.0.0",
  "lockfileVersion": 3,
  "requires": true,
  "packages": {
    "": {
      "name": "github-report",
      "version": "1.0.0",
      "dependencies": {
        "@openai/codex-sdk": "^0.156.0",
        "dotenv": "^17.2.3"
      }
    },
    "node_modules/@openai/codex": {
      "version": "0.156.0",
      "resolved": "https://registry.npmjs.org/@openai/codex/-/codex-0.156.0.tgz",
      "integrity": "sha512-47dfpl2e8F47baSQTE+QaWzF/kKoOeR9YQ2fIBdRGzZZP2/QZ6D0uwLY2ZamS8ypov4UFtg92jZh8m+w65bsGg==",
      "license": "Apache-2.0",
      "bin": {
        "codex": "bin/codex.js"
      },
      "engines": {
        "node": ">=16"
      },
      "optionalDependencies": {
        "@openai/codex-darwin-arm64": "npm:@openai/codex@0.156.0-darwin-arm64",
        "@openai/codex-darwin-x64": "npm:@openai/codex@0.156.0-darwin-x64",
        "@openai/codex-linux-arm64": "npm:@openai/codex@0.156.0-linux-arm64",
        "@openai/codex-linux-x64": "npm:@openai/codex@0.156.0-linux-x64",
        "@openai/codex-win32-arm64": "npm:@openai/codex@0.156.0-win32-arm64",
        "@openai/codex-win32-x64": "npm:@openai/codex@0.156.0-win32-x64"
      }
    },
    "node_modules/@openai/codex-darwin-arm64": {
      "name": "@openai/codex",
      "version": "0.156.0-darwin-arm64",
      "resolved": "https://registry.npmjs.org/@openai/codex/-/codex-0.156.0-darwin-arm64.tgz",
      "integrity": "sha512-43/9bryLjRA+g7z1AGeFS8AQiChmG52nIhzMkxjNAXcxEBMVsA88YGBosk0ndThjgTGB42vK82BQV3DR6OBsGQ==",
      "cpu": [
        "arm64"
      ],
      "license": "Apache-2.0",
      "optional": true,
      "os": [
        "darwin"
      ],
      "engines": {
        "node": ">=16"
      }
    },
    "node_modules/@openai/codex-darwin-x64": {
      "name": "@openai/codex",
      "version": "0.156.0-darwin-x64",
      "resolved": "https://registry.npmjs.org/@openai/codex/-/codex-0.156.0-darwin-x64.tgz",
      "integrity": "sha512-fD6Nxn7rxinrE6JRxN1liMH3rIV2j9HjcszwMprgs3Ka2p6rR60CmvN03RsWOT4vCcxnA7Evhpnm+bCTNVhH+g==",
      "cpu": [
        "x64"
      ],
      "license": "Apache-2.0",
      "optional": true,
      "os": [
        "darwin"
      ],
      "engines": {
        "node": ">=16"
      }
    },
    "node_modules/@openai/codex-linux-arm64": {
      "name": "@openai/codex",
      "version": "0.156.0-linux-arm64",
      "resolved": "https://registry.npmjs.org/@openai/codex/-/codex-0.156.0-linux-arm64.tgz",
      "integrity": "sha512-IfUrjxm8RAdzPgqlPhUXTJ4mGKKbuTKsNixiXoiRzNkd9kNLj/fUmOQYCcWu+3Dk77b4OH1itnoIRAcFimNzNQ==",
      "cpu": [
        "arm64"
      ],
      "license": "Apache-2.0",
      "optional": true,
      "os": [
        "linux"
      ],
      "engines": {
        "node": ">=16"
      }
    },
    "node_modules/@openai/codex-linux-x64": {
      "name": "@openai/codex",
      "version": "0.156.0-linux-x64",
      "resolved": "https://registry.npmjs.org/@openai/codex/-/codex-0.156.0-linux-x64.tgz",
      "integrity": "sha512-/PX399ISB715skgBBOtOX5aqLxmPQhYC7wDasZnAJhRrtzt3qgs6kjSnimN9T8OFKv4LDAp+uJdN896tQYaTrA==",
      "cpu": [
        "x64"
      ],
      "license": "Apache-2.0",
      "optional": true,
      "os": [
        "linux"
      ],
      "engines": {
        "node": ">=16"
      }
    },
    "node_modules/@openai/codex-sdk": {
      "version": "0.156.0",
      "resolved": "https://registry.npmjs.org/@openai/codex-sdk/-/codex-sdk-0.156.0.tgz",
      "integrity": "sha512-VRRYVMmS6pl873/XzF9+WVfxxeZemWyBV0BvwPx2jeF3/Pijnj7VLgn2igV8B4O0/lwnHnWolZVdTkv5eBCf3w==",
      "license": "Apache-2.0",
      "dependencies": {
        "@openai/codex": "0.156.0"
      },
      "engines": {
        "node": ">=18"
      }
    },
    "node_modules/@openai/codex-win32-arm64": {
      "name": "@openai/codex",
      "version": "0.156.0-win32-arm64",
      "resolved": "https://registry.npmjs.org/@openai/codex/-/codex-0.156.0-win32-arm64.tgz",
      "integrity": "sha512-kDs2Sz+oDAcAm6n5C1TkN6qy7ZNWZiDPM7Uj0Z913I+SFLOYTkF/OB2SWYFG73jF/gKLrkIpWZFdIvFUaMBWfw==",
      "cpu": [
        "arm64"
      ],
      "license": "Apache-2.0",
      "optional": true,
      "os": [
        "win32"
      ],
      "engines": {
        "node": ">=16"
      }
    },
    "node_modules/@openai/codex-win32-x64": {
      "name": "@openai/codex",
      "version": "0.156.0-win32-x64",
      "resolved": "https://registry.npmjs.org/@openai/codex/-/codex-0.156.0-win32-x64.tgz",
      "integrity": "sha512-9y+shxtHJn7yrmZqF4gs9oK1Tte9Heshkda8TrTiAf3bPn24cgOq+avZ+Mad54I3M2R8AFeqt0hT/aS6s5cbAQ==",
      "cpu": [
        "x64"
      ],
      "license": "Apache-2.0",
      "optional": true,
      "os": [
        "win32"
      ],
      "engines": {
        "node": ">=16"
      }
    },
    "node_modules/dotenv": {
      "version": "17.2.3",
      "resolved": "https://registry.npmjs.org/dotenv/-/dotenv-17.2.3.tgz",
      "integrity": "sha512-JVUnt+DUIzu87TABbhPmNfVdBDt18BLOWjMUFJMSi/Qqg7NTYtabbvSNJGOJ7afbRuv9D/lngizHtP7QyLQ+9w==",
      "license": "BSD-2-Clause",
      "engines": {
        "node": ">=12"
      },
      "funding": {
        "url": "https://dotenvx.com"
      }
    }
  }
}
